// !$*UTF8*$!
{
	archiveVersion = 1;
	classes = {
	};
	objectVersion = 46;
	objects = {

/* Begin PBXBuildFile section */
		412ABF721816916900ECF984 /* JVFloatLabeledTextField.m in Sources */ = {isa = PBXBuildFile; fileRef = 412ABF711816916900ECF984 /* JVFloatLabeledTextField.m */; };
		412DE73F1A048F4300B4D160 /* Security.framework in Frameworks */ = {isa = PBXBuildFile; fileRef = 412DE73E1A048F4300B4D160 /* Security.framework */; };
		416B7A771818CD29009D1F7C /* TDTableDetailViewController.m in Sources */ = {isa = PBXBuildFile; fileRef = 416B7A761818CD29009D1F7C /* TDTableDetailViewController.m */; };
		417788F4181697CD0071506A /* EAIntroPage.m in Sources */ = {isa = PBXBuildFile; fileRef = 417788F1181697CD0071506A /* EAIntroPage.m */; };
		417788F5181697CD0071506A /* EAIntroView.m in Sources */ = {isa = PBXBuildFile; fileRef = 417788F3181697CD0071506A /* EAIntroView.m */; };
		417788FA1816A0120071506A /* PXAlertView.m in Sources */ = {isa = PBXBuildFile; fileRef = 417788F91816A0120071506A /* PXAlertView.m */; };
		417788FC1816A0D60071506A /* Default-568h@2x.png in Resources */ = {isa = PBXBuildFile; fileRef = 417788FB1816A0D60071506A /* Default-568h@2x.png */; };
		417788FE1816A1000071506A /* QuartzCore.framework in Frameworks */ = {isa = PBXBuildFile; fileRef = 417788FD1816A1000071506A /* QuartzCore.framework */; };
		651A5A7D177AE2D8003DBF3B /* icon1.png in Resources */ = {isa = PBXBuildFile; fileRef = 651A5A7B177AE2D8003DBF3B /* icon1.png */; };
		651A5A7E177AE2D8003DBF3B /* icon2.png in Resources */ = {isa = PBXBuildFile; fileRef = 651A5A7C177AE2D8003DBF3B /* icon2.png */; };
		654E34A916CE383F00FBB3DA /* UIKit.framework in Frameworks */ = {isa = PBXBuildFile; fileRef = 654E34A816CE383F00FBB3DA /* UIKit.framework */; };
		654E34AB16CE383F00FBB3DA /* Foundation.framework in Frameworks */ = {isa = PBXBuildFile; fileRef = 654E34AA16CE383F00FBB3DA /* Foundation.framework */; };
		654E34AD16CE383F00FBB3DA /* CoreGraphics.framework in Frameworks */ = {isa = PBXBuildFile; fileRef = 654E34AC16CE383F00FBB3DA /* CoreGraphics.framework */; };
		654E34B316CE383F00FBB3DA /* InfoPlist.strings in Resources */ = {isa = PBXBuildFile; fileRef = 654E34B116CE383F00FBB3DA /* InfoPlist.strings */; };
		654E34B516CE383F00FBB3DA /* main.m in Sources */ = {isa = PBXBuildFile; fileRef = 654E34B416CE383F00FBB3DA /* main.m */; };
		654E34B916CE383F00FBB3DA /* TDAppDelegate.m in Sources */ = {isa = PBXBuildFile; fileRef = 654E34B816CE383F00FBB3DA /* TDAppDelegate.m */; };
		654E34C216CE383F00FBB3DA /* MainStoryboard.storyboard in Resources */ = {isa = PBXBuildFile; fileRef = 654E34C016CE383F00FBB3DA /* MainStoryboard.storyboard */; };
		654E34C516CE383F00FBB3DA /* TDSliderContainerViewController.m in Sources */ = {isa = PBXBuildFile; fileRef = 654E34C416CE383F00FBB3DA /* TDSliderContainerViewController.m */; };
		D40ABB851816A56300DFB373 /* AGPhotoBrowserOverlayView.m in Sources */ = {isa = PBXBuildFile; fileRef = D40ABB821816A56300DFB373 /* AGPhotoBrowserOverlayView.m */; };
		D40ABB861816A56300DFB373 /* AGPhotoBrowserView.m in Sources */ = {isa = PBXBuildFile; fileRef = D40ABB841816A56300DFB373 /* AGPhotoBrowserView.m */; };
		D40ABB8B1816A57900DFB373 /* sample1.jpg in Resources */ = {isa = PBXBuildFile; fileRef = D40ABB881816A57800DFB373 /* sample1.jpg */; };
		D40ABB8C1816A57900DFB373 /* sample2.jpg in Resources */ = {isa = PBXBuildFile; fileRef = D40ABB891816A57800DFB373 /* sample2.jpg */; };
		D40ABB8D1816A57900DFB373 /* sample3.jpg in Resources */ = {isa = PBXBuildFile; fileRef = D40ABB8A1816A57900DFB373 /* sample3.jpg */; };
		D40ABB901816A62100DFB373 /* PhotoViewController.m in Sources */ = {isa = PBXBuildFile; fileRef = D40ABB8F1816A62100DFB373 /* PhotoViewController.m */; };
		D40ABB921816B1BB00DFB373 /* LocalPage.html in Resources */ = {isa = PBXBuildFile; fileRef = D40ABB911816B1BB00DFB373 /* LocalPage.html */; };
		D40ABB951816B21C00DFB373 /* WebVViewController.m in Sources */ = {isa = PBXBuildFile; fileRef = D40ABB941816B21C00DFB373 /* WebVViewController.m */; };
		D40ABB981816B7A200DFB373 /* MapVViewController.m in Sources */ = {isa = PBXBuildFile; fileRef = D40ABB971816B7A200DFB373 /* MapVViewController.m */; };
		D40ABB9A1816B85400DFB373 /* MapKit.framework in Frameworks */ = {isa = PBXBuildFile; fileRef = D40ABB991816B85400DFB373 /* MapKit.framework */; };
		D40ABB9D1816BB0D00DFB373 /* MapViewAnnotation.m in Sources */ = {isa = PBXBuildFile; fileRef = D40ABB9C1816BB0D00DFB373 /* MapViewAnnotation.m */; };
		D40ABBD318178A0900DFB373 /* 1.png in Resources */ = {isa = PBXBuildFile; fileRef = D40ABBC918178A0900DFB373 /* 1.png */; };
		D40ABBD418178A0900DFB373 /* 2.png in Resources */ = {isa = PBXBuildFile; fileRef = D40ABBCA18178A0900DFB373 /* 2.png */; };
		D40ABBD518178A0900DFB373 /* 3.png in Resources */ = {isa = PBXBuildFile; fileRef = D40ABBCB18178A0900DFB373 /* 3.png */; };
		D40ABBD718178A0900DFB373 /* Default.png in Resources */ = {isa = PBXBuildFile; fileRef = D40ABBCD18178A0900DFB373 /* Default.png */; };
		D40ABBD818178A0900DFB373 /* Default@2x.png in Resources */ = {isa = PBXBuildFile; fileRef = D40ABBCE18178A0900DFB373 /* Default@2x.png */; };
		D40ABBD918178A0900DFB373 /* femalecodertocat@2x.png in Resources */ = {isa = PBXBuildFile; fileRef = D40ABBCF18178A0900DFB373 /* femalecodertocat@2x.png */; };
		D40ABBDA18178A0900DFB373 /* introBg@2x.png in Resources */ = {isa = PBXBuildFile; fileRef = D40ABBD018178A0900DFB373 /* introBg@2x.png */; };
		D40ABBDB18178A0900DFB373 /* original@2x.png in Resources */ = {isa = PBXBuildFile; fileRef = D40ABBD118178A0900DFB373 /* original@2x.png */; };
		D40ABBDC18178A0900DFB373 /* supportcat@2x.png in Resources */ = {isa = PBXBuildFile; fileRef = D40ABBD218178A0900DFB373 /* supportcat@2x.png */; };
		D427EC2E1817A93900662AAF /* TableViewController.m in Sources */ = {isa = PBXBuildFile; fileRef = D427EC2D1817A93900662AAF /* TableViewController.m */; };
		D4F19C15181548A800DBB082 /* TDLoginViewController.m in Sources */ = {isa = PBXBuildFile; fileRef = D4F19C14181548A800DBB082 /* TDLoginViewController.m */; };
		D4F19C1718166D1900DBB082 /* CoreText.framework in Frameworks */ = {isa = PBXBuildFile; fileRef = D4F19C1618166D1900DBB082 /* CoreText.framework */; };
		D4F19C2318166E1D00DBB082 /* Lato-Black.ttf in Resources */ = {isa = PBXBuildFile; fileRef = D4F19C1918166E1D00DBB082 /* Lato-Black.ttf */; };
		D4F19C2418166E1D00DBB082 /* Lato-BlackItalic.ttf in Resources */ = {isa = PBXBuildFile; fileRef = D4F19C1A18166E1D00DBB082 /* Lato-BlackItalic.ttf */; };
		D4F19C2518166E1D00DBB082 /* Lato-Bold.ttf in Resources */ = {isa = PBXBuildFile; fileRef = D4F19C1B18166E1D00DBB082 /* Lato-Bold.ttf */; };
		D4F19C2618166E1D00DBB082 /* Lato-BoldItalic.ttf in Resources */ = {isa = PBXBuildFile; fileRef = D4F19C1C18166E1D00DBB082 /* Lato-BoldItalic.ttf */; };
		D4F19C2718166E1D00DBB082 /* Lato-Hairline.ttf in Resources */ = {isa = PBXBuildFile; fileRef = D4F19C1D18166E1D00DBB082 /* Lato-Hairline.ttf */; };
		D4F19C2818166E1D00DBB082 /* Lato-HairlineItalic.ttf in Resources */ = {isa = PBXBuildFile; fileRef = D4F19C1E18166E1D00DBB082 /* Lato-HairlineItalic.ttf */; };
		D4F19C2918166E1D00DBB082 /* Lato-Italic.ttf in Resources */ = {isa = PBXBuildFile; fileRef = D4F19C1F18166E1D00DBB082 /* Lato-Italic.ttf */; };
		D4F19C2A18166E1D00DBB082 /* Lato-Light.ttf in Resources */ = {isa = PBXBuildFile; fileRef = D4F19C2018166E1D00DBB082 /* Lato-Light.ttf */; };
		D4F19C2B18166E1D00DBB082 /* Lato-LightItalic.ttf in Resources */ = {isa = PBXBuildFile; fileRef = D4F19C2118166E1D00DBB082 /* Lato-LightItalic.ttf */; };
		D4F19C2C18166E1D00DBB082 /* Lato-Regular.ttf in Resources */ = {isa = PBXBuildFile; fileRef = D4F19C2218166E1D00DBB082 /* Lato-Regular.ttf */; };
		D4F19C5618166E5D00DBB082 /* FUIAlertView.m in Sources */ = {isa = PBXBuildFile; fileRef = D4F19C3118166E5D00DBB082 /* FUIAlertView.m */; };
		D4F19C5718166E5D00DBB082 /* FUIButton.m in Sources */ = {isa = PBXBuildFile; fileRef = D4F19C3318166E5D00DBB082 /* FUIButton.m */; };
		D4F19C5818166E5D00DBB082 /* FUICellBackgroundView.m in Sources */ = {isa = PBXBuildFile; fileRef = D4F19C3518166E5D00DBB082 /* FUICellBackgroundView.m */; };
		D4F19C5918166E5D00DBB082 /* FUIPopoverBackgroundView.m in Sources */ = {isa = PBXBuildFile; fileRef = D4F19C3718166E5D00DBB082 /* FUIPopoverBackgroundView.m */; };
		D4F19C5A18166E5D00DBB082 /* FUISegmentedControl.m in Sources */ = {isa = PBXBuildFile; fileRef = D4F19C3918166E5D00DBB082 /* FUISegmentedControl.m */; };
		D4F19C5B18166E5D00DBB082 /* FUISwitch.m in Sources */ = {isa = PBXBuildFile; fileRef = D4F19C3B18166E5D00DBB082 /* FUISwitch.m */; };
		D4F19C5C18166E5D00DBB082 /* FUITextField.m in Sources */ = {isa = PBXBuildFile; fileRef = D4F19C3D18166E5D00DBB082 /* FUITextField.m */; };
		D4F19C5D18166E5D00DBB082 /* UIBarButtonItem+FlatUI.m in Sources */ = {isa = PBXBuildFile; fileRef = D4F19C3F18166E5D00DBB082 /* UIBarButtonItem+FlatUI.m */; };
		D4F19C5E18166E5D00DBB082 /* UIColor+FlatUI.m in Sources */ = {isa = PBXBuildFile; fileRef = D4F19C4118166E5D00DBB082 /* UIColor+FlatUI.m */; };
		D4F19C5F18166E5D00DBB082 /* UIFont+FlatUI.m in Sources */ = {isa = PBXBuildFile; fileRef = D4F19C4318166E5D00DBB082 /* UIFont+FlatUI.m */; };
		D4F19C6018166E5D00DBB082 /* UIImage+FlatUI.m in Sources */ = {isa = PBXBuildFile; fileRef = D4F19C4518166E5D00DBB082 /* UIImage+FlatUI.m */; };
		D4F19C6118166E5D00DBB082 /* UINavigationBar+FlatUI.m in Sources */ = {isa = PBXBuildFile; fileRef = D4F19C4718166E5D00DBB082 /* UINavigationBar+FlatUI.m */; };
		D4F19C6218166E5D00DBB082 /* UIPopoverController+FlatUI.m in Sources */ = {isa = PBXBuildFile; fileRef = D4F19C4918166E5D00DBB082 /* UIPopoverController+FlatUI.m */; };
		D4F19C6318166E5D00DBB082 /* UIProgressView+FlatUI.m in Sources */ = {isa = PBXBuildFile; fileRef = D4F19C4B18166E5D00DBB082 /* UIProgressView+FlatUI.m */; };
		D4F19C6418166E5D00DBB082 /* UISlider+FlatUI.m in Sources */ = {isa = PBXBuildFile; fileRef = D4F19C4D18166E5D00DBB082 /* UISlider+FlatUI.m */; };
		D4F19C6518166E5D00DBB082 /* UIStepper+FlatUI.m in Sources */ = {isa = PBXBuildFile; fileRef = D4F19C4F18166E5D00DBB082 /* UIStepper+FlatUI.m */; };
		D4F19C6618166E5D00DBB082 /* UITabBar+FlatUI.m in Sources */ = {isa = PBXBuildFile; fileRef = D4F19C5118166E5D00DBB082 /* UITabBar+FlatUI.m */; };
		D4F19C6718166E5D00DBB082 /* UITableViewCell+FlatUI.m in Sources */ = {isa = PBXBuildFile; fileRef = D4F19C5318166E5D00DBB082 /* UITableViewCell+FlatUI.m */; };
		D4F19C6818166E5D00DBB082 /* UIToolbar+FlatUI.m in Sources */ = {isa = PBXBuildFile; fileRef = D4F19C5518166E5D00DBB082 /* UIToolbar+FlatUI.m */; };
		D4F19C9018168E2900DBB082 /* AMSlideOutGlobals.m in Sources */ = {isa = PBXBuildFile; fileRef = D4F19C8318168E2900DBB082 /* AMSlideOutGlobals.m */; };
		D4F19C9118168E2900DBB082 /* AMSlideOutNavigationController.m in Sources */ = {isa = PBXBuildFile; fileRef = D4F19C8518168E2900DBB082 /* AMSlideOutNavigationController.m */; };
		D4F19C9218168E2900DBB082 /* AMSlideTableCell.m in Sources */ = {isa = PBXBuildFile; fileRef = D4F19C8718168E2900DBB082 /* AMSlideTableCell.m */; };
		D4F19C9318168E2900DBB082 /* AMSlideTableHeader.m in Sources */ = {isa = PBXBuildFile; fileRef = D4F19C8918168E2900DBB082 /* AMSlideTableHeader.m */; };
		D4F19C9418168E2900DBB082 /* AMTableView.m in Sources */ = {isa = PBXBuildFile; fileRef = D4F19C8B18168E2900DBB082 /* AMTableView.m */; };
		D4F19C9518168E2900DBB082 /* iconSlide.png in Resources */ = {isa = PBXBuildFile; fileRef = D4F19C8C18168E2900DBB082 /* iconSlide.png */; };
		D4F19C9618168E2900DBB082 /* iconSlide@2x.png in Resources */ = {isa = PBXBuildFile; fileRef = D4F19C8D18168E2900DBB082 /* iconSlide@2x.png */; };
		D4F19C9718168E2900DBB082 /* iconSlideBlack.png in Resources */ = {isa = PBXBuildFile; fileRef = D4F19C8E18168E2900DBB082 /* iconSlideBlack.png */; };
		D4F19C9818168E2900DBB082 /* iconSlideBlack@2x.png in Resources */ = {isa = PBXBuildFile; fileRef = D4F19C8F18168E2900DBB082 /* iconSlideBlack@2x.png */; };
/* End PBXBuildFile section */

/* Begin PBXFileReference section */
		412ABF701816916900ECF984 /* JVFloatLabeledTextField.h */ = {isa = PBXFileReference; fileEncoding = 4; lastKnownFileType = sourcecode.c.h; path = JVFloatLabeledTextField.h; sourceTree = "<group>"; };
		412ABF711816916900ECF984 /* JVFloatLabeledTextField.m */ = {isa = PBXFileReference; fileEncoding = 4; lastKnownFileType = sourcecode.c.objc; path = JVFloatLabeledTextField.m; sourceTree = "<group>"; };
		412DE73E1A048F4300B4D160 /* Security.framework */ = {isa = PBXFileReference; lastKnownFileType = wrapper.framework; name = Security.framework; path = System/Library/Frameworks/Security.framework; sourceTree = SDKROOT; };
		416B7A751818CD29009D1F7C /* TDTableDetailViewController.h */ = {isa = PBXFileReference; fileEncoding = 4; lastKnownFileType = sourcecode.c.h; path = TDTableDetailViewController.h; sourceTree = "<group>"; };
		416B7A761818CD29009D1F7C /* TDTableDetailViewController.m */ = {isa = PBXFileReference; fileEncoding = 4; lastKnownFileType = sourcecode.c.objc; path = TDTableDetailViewController.m; sourceTree = "<group>"; };
		417788F0181697CD0071506A /* EAIntroPage.h */ = {isa = PBXFileReference; fileEncoding = 4; lastKnownFileType = sourcecode.c.h; path = EAIntroPage.h; sourceTree = "<group>"; };
		417788F1181697CD0071506A /* EAIntroPage.m */ = {isa = PBXFileReference; fileEncoding = 4; lastKnownFileType = sourcecode.c.objc; path = EAIntroPage.m; sourceTree = "<group>"; };
		417788F2181697CD0071506A /* EAIntroView.h */ = {isa = PBXFileReference; fileEncoding = 4; lastKnownFileType = sourcecode.c.h; path = EAIntroView.h; sourceTree = "<group>"; };
		417788F3181697CD0071506A /* EAIntroView.m */ = {isa = PBXFileReference; fileEncoding = 4; lastKnownFileType = sourcecode.c.objc; path = EAIntroView.m; sourceTree = "<group>"; };
		417788F81816A0120071506A /* PXAlertView.h */ = {isa = PBXFileReference; fileEncoding = 4; lastKnownFileType = sourcecode.c.h; name = PXAlertView.h; path = PXAlertView/PXAlertView.h; sourceTree = "<group>"; };
		417788F91816A0120071506A /* PXAlertView.m */ = {isa = PBXFileReference; fileEncoding = 4; lastKnownFileType = sourcecode.c.objc; name = PXAlertView.m; path = PXAlertView/PXAlertView.m; sourceTree = "<group>"; };
		417788FB1816A0D60071506A /* Default-568h@2x.png */ = {isa = PBXFileReference; lastKnownFileType = image.png; name = "Default-568h@2x.png"; path = "../Default-568h@2x.png"; sourceTree = "<group>"; };
		417788FD1816A1000071506A /* QuartzCore.framework */ = {isa = PBXFileReference; lastKnownFileType = wrapper.framework; name = QuartzCore.framework; path = System/Library/Frameworks/QuartzCore.framework; sourceTree = SDKROOT; };
		651A5A7B177AE2D8003DBF3B /* icon1.png */ = {isa = PBXFileReference; lastKnownFileType = image.png; name = icon1.png; path = ../SlideoutStoryboardSample/Resources/icon1.png; sourceTree = "<group>"; };
		651A5A7C177AE2D8003DBF3B /* icon2.png */ = {isa = PBXFileReference; lastKnownFileType = image.png; name = icon2.png; path = ../SlideoutStoryboardSample/Resources/icon2.png; sourceTree = "<group>"; };
		654E34A516CE383F00FBB3DA /* TestmunkDemo.app */ = {isa = PBXFileReference; explicitFileType = wrapper.application; includeInIndex = 0; path = TestmunkDemo.app; sourceTree = BUILT_PRODUCTS_DIR; };
		654E34A816CE383F00FBB3DA /* UIKit.framework */ = {isa = PBXFileReference; lastKnownFileType = wrapper.framework; name = UIKit.framework; path = System/Library/Frameworks/UIKit.framework; sourceTree = SDKROOT; };
		654E34AA16CE383F00FBB3DA /* Foundation.framework */ = {isa = PBXFileReference; lastKnownFileType = wrapper.framework; name = Foundation.framework; path = System/Library/Frameworks/Foundation.framework; sourceTree = SDKROOT; };
		654E34AC16CE383F00FBB3DA /* CoreGraphics.framework */ = {isa = PBXFileReference; lastKnownFileType = wrapper.framework; name = CoreGraphics.framework; path = System/Library/Frameworks/CoreGraphics.framework; sourceTree = SDKROOT; };
		654E34B016CE383F00FBB3DA /* TestmunkDemo-Info.plist */ = {isa = PBXFileReference; lastKnownFileType = text.plist.xml; path = "TestmunkDemo-Info.plist"; sourceTree = "<group>"; };
		654E34B216CE383F00FBB3DA /* en */ = {isa = PBXFileReference; lastKnownFileType = text.plist.strings; name = en; path = en.lproj/InfoPlist.strings; sourceTree = "<group>"; };
		654E34B416CE383F00FBB3DA /* main.m */ = {isa = PBXFileReference; lastKnownFileType = sourcecode.c.objc; path = main.m; sourceTree = "<group>"; };
		654E34B716CE383F00FBB3DA /* TDAppDelegate.h */ = {isa = PBXFileReference; lastKnownFileType = sourcecode.c.h; path = TDAppDelegate.h; sourceTree = "<group>"; };
		654E34B816CE383F00FBB3DA /* TDAppDelegate.m */ = {isa = PBXFileReference; lastKnownFileType = sourcecode.c.objc; path = TDAppDelegate.m; sourceTree = "<group>"; };
		654E34C116CE383F00FBB3DA /* en */ = {isa = PBXFileReference; lastKnownFileType = file.storyboard; name = en; path = en.lproj/MainStoryboard.storyboard; sourceTree = "<group>"; };
		654E34C316CE383F00FBB3DA /* TDSliderContainerViewController.h */ = {isa = PBXFileReference; lastKnownFileType = sourcecode.c.h; path = TDSliderContainerViewController.h; sourceTree = "<group>"; };
		654E34C416CE383F00FBB3DA /* TDSliderContainerViewController.m */ = {isa = PBXFileReference; lastKnownFileType = sourcecode.c.objc; path = TDSliderContainerViewController.m; sourceTree = "<group>"; };
		D40ABB7F1816A56300DFB373 /* AGPhotoBrowserDataSource.h */ = {isa = PBXFileReference; fileEncoding = 4; lastKnownFileType = sourcecode.c.h; path = AGPhotoBrowserDataSource.h; sourceTree = "<group>"; };
		D40ABB801816A56300DFB373 /* AGPhotoBrowserDelegate.h */ = {isa = PBXFileReference; fileEncoding = 4; lastKnownFileType = sourcecode.c.h; path = AGPhotoBrowserDelegate.h; sourceTree = "<group>"; };
		D40ABB811816A56300DFB373 /* AGPhotoBrowserOverlayView.h */ = {isa = PBXFileReference; fileEncoding = 4; lastKnownFileType = sourcecode.c.h; path = AGPhotoBrowserOverlayView.h; sourceTree = "<group>"; };
		D40ABB821816A56300DFB373 /* AGPhotoBrowserOverlayView.m */ = {isa = PBXFileReference; fileEncoding = 4; lastKnownFileType = sourcecode.c.objc; path = AGPhotoBrowserOverlayView.m; sourceTree = "<group>"; };
		D40ABB831816A56300DFB373 /* AGPhotoBrowserView.h */ = {isa = PBXFileReference; fileEncoding = 4; lastKnownFileType = sourcecode.c.h; path = AGPhotoBrowserView.h; sourceTree = "<group>"; };
		D40ABB841816A56300DFB373 /* AGPhotoBrowserView.m */ = {isa = PBXFileReference; fileEncoding = 4; lastKnownFileType = sourcecode.c.objc; path = AGPhotoBrowserView.m; sourceTree = "<group>"; };
		D40ABB881816A57800DFB373 /* sample1.jpg */ = {isa = PBXFileReference; lastKnownFileType = image.jpeg; path = sample1.jpg; sourceTree = "<group>"; };
		D40ABB891816A57800DFB373 /* sample2.jpg */ = {isa = PBXFileReference; lastKnownFileType = image.jpeg; path = sample2.jpg; sourceTree = "<group>"; };
		D40ABB8A1816A57900DFB373 /* sample3.jpg */ = {isa = PBXFileReference; lastKnownFileType = image.jpeg; path = sample3.jpg; sourceTree = "<group>"; };
		D40ABB8E1816A62100DFB373 /* PhotoViewController.h */ = {isa = PBXFileReference; fileEncoding = 4; lastKnownFileType = sourcecode.c.h; path = PhotoViewController.h; sourceTree = "<group>"; };
		D40ABB8F1816A62100DFB373 /* PhotoViewController.m */ = {isa = PBXFileReference; fileEncoding = 4; lastKnownFileType = sourcecode.c.objc; path = PhotoViewController.m; sourceTree = "<group>"; };
		D40ABB911816B1BB00DFB373 /* LocalPage.html */ = {isa = PBXFileReference; fileEncoding = 4; lastKnownFileType = text.html; name = LocalPage.html; path = ../SlideoutStoryboardSample/LocalPage.html; sourceTree = "<group>"; };
		D40ABB931816B21C00DFB373 /* WebVViewController.h */ = {isa = PBXFileReference; fileEncoding = 4; lastKnownFileType = sourcecode.c.h; path = WebVViewController.h; sourceTree = "<group>"; };
		D40ABB941816B21C00DFB373 /* WebVViewController.m */ = {isa = PBXFileReference; fileEncoding = 4; lastKnownFileType = sourcecode.c.objc; path = WebVViewController.m; sourceTree = "<group>"; };
		D40ABB961816B7A200DFB373 /* MapVViewController.h */ = {isa = PBXFileReference; fileEncoding = 4; lastKnownFileType = sourcecode.c.h; name = MapVViewController.h; path = ../MapVViewController.h; sourceTree = "<group>"; };
		D40ABB971816B7A200DFB373 /* MapVViewController.m */ = {isa = PBXFileReference; fileEncoding = 4; lastKnownFileType = sourcecode.c.objc; name = MapVViewController.m; path = ../MapVViewController.m; sourceTree = "<group>"; };
		D40ABB991816B85400DFB373 /* MapKit.framework */ = {isa = PBXFileReference; lastKnownFileType = wrapper.framework; name = MapKit.framework; path = System/Library/Frameworks/MapKit.framework; sourceTree = SDKROOT; };
		D40ABB9B1816BB0D00DFB373 /* MapViewAnnotation.h */ = {isa = PBXFileReference; fileEncoding = 4; lastKnownFileType = sourcecode.c.h; name = MapViewAnnotation.h; path = ../MapViewAnnotation.h; sourceTree = "<group>"; };
		D40ABB9C1816BB0D00DFB373 /* MapViewAnnotation.m */ = {isa = PBXFileReference; fileEncoding = 4; lastKnownFileType = sourcecode.c.objc; name = MapViewAnnotation.m; path = ../MapViewAnnotation.m; sourceTree = "<group>"; };
		D40ABBC918178A0900DFB373 /* 1.png */ = {isa = PBXFileReference; lastKnownFileType = image.png; path = 1.png; sourceTree = "<group>"; };
		D40ABBCA18178A0900DFB373 /* 2.png */ = {isa = PBXFileReference; lastKnownFileType = image.png; path = 2.png; sourceTree = "<group>"; };
		D40ABBCB18178A0900DFB373 /* 3.png */ = {isa = PBXFileReference; lastKnownFileType = image.png; path = 3.png; sourceTree = "<group>"; };
		D40ABBCD18178A0900DFB373 /* Default.png */ = {isa = PBXFileReference; lastKnownFileType = image.png; path = Default.png; sourceTree = "<group>"; };
		D40ABBCE18178A0900DFB373 /* Default@2x.png */ = {isa = PBXFileReference; lastKnownFileType = image.png; path = "Default@2x.png"; sourceTree = "<group>"; };
		D40ABBCF18178A0900DFB373 /* femalecodertocat@2x.png */ = {isa = PBXFileReference; lastKnownFileType = image.png; path = "femalecodertocat@2x.png"; sourceTree = "<group>"; };
		D40ABBD018178A0900DFB373 /* introBg@2x.png */ = {isa = PBXFileReference; lastKnownFileType = image.png; path = "introBg@2x.png"; sourceTree = "<group>"; };
		D40ABBD118178A0900DFB373 /* original@2x.png */ = {isa = PBXFileReference; lastKnownFileType = image.png; path = "original@2x.png"; sourceTree = "<group>"; };
		D40ABBD218178A0900DFB373 /* supportcat@2x.png */ = {isa = PBXFileReference; lastKnownFileType = image.png; path = "supportcat@2x.png"; sourceTree = "<group>"; };
		D427EC2C1817A93900662AAF /* TableViewController.h */ = {isa = PBXFileReference; fileEncoding = 4; lastKnownFileType = sourcecode.c.h; path = TableViewController.h; sourceTree = "<group>"; };
		D427EC2D1817A93900662AAF /* TableViewController.m */ = {isa = PBXFileReference; fileEncoding = 4; lastKnownFileType = sourcecode.c.objc; path = TableViewController.m; sourceTree = "<group>"; };
		D4F19C13181548A800DBB082 /* TDLoginViewController.h */ = {isa = PBXFileReference; fileEncoding = 4; lastKnownFileType = sourcecode.c.h; path = TDLoginViewController.h; sourceTree = "<group>"; };
		D4F19C14181548A800DBB082 /* TDLoginViewController.m */ = {isa = PBXFileReference; fileEncoding = 4; lastKnownFileType = sourcecode.c.objc; path = TDLoginViewController.m; sourceTree = "<group>"; };
		D4F19C1618166D1900DBB082 /* CoreText.framework */ = {isa = PBXFileReference; lastKnownFileType = wrapper.framework; name = CoreText.framework; path = System/Library/Frameworks/CoreText.framework; sourceTree = SDKROOT; };
		D4F19C1918166E1D00DBB082 /* Lato-Black.ttf */ = {isa = PBXFileReference; lastKnownFileType = file; path = "Lato-Black.ttf"; sourceTree = "<group>"; };
		D4F19C1A18166E1D00DBB082 /* Lato-BlackItalic.ttf */ = {isa = PBXFileReference; lastKnownFileType = file; path = "Lato-BlackItalic.ttf"; sourceTree = "<group>"; };
		D4F19C1B18166E1D00DBB082 /* Lato-Bold.ttf */ = {isa = PBXFileReference; lastKnownFileType = file; path = "Lato-Bold.ttf"; sourceTree = "<group>"; };
		D4F19C1C18166E1D00DBB082 /* Lato-BoldItalic.ttf */ = {isa = PBXFileReference; lastKnownFileType = file; path = "Lato-BoldItalic.ttf"; sourceTree = "<group>"; };
		D4F19C1D18166E1D00DBB082 /* Lato-Hairline.ttf */ = {isa = PBXFileReference; lastKnownFileType = file; path = "Lato-Hairline.ttf"; sourceTree = "<group>"; };
		D4F19C1E18166E1D00DBB082 /* Lato-HairlineItalic.ttf */ = {isa = PBXFileReference; lastKnownFileType = file; path = "Lato-HairlineItalic.ttf"; sourceTree = "<group>"; };
		D4F19C1F18166E1D00DBB082 /* Lato-Italic.ttf */ = {isa = PBXFileReference; lastKnownFileType = file; path = "Lato-Italic.ttf"; sourceTree = "<group>"; };
		D4F19C2018166E1D00DBB082 /* Lato-Light.ttf */ = {isa = PBXFileReference; lastKnownFileType = file; path = "Lato-Light.ttf"; sourceTree = "<group>"; };
		D4F19C2118166E1D00DBB082 /* Lato-LightItalic.ttf */ = {isa = PBXFileReference; lastKnownFileType = file; path = "Lato-LightItalic.ttf"; sourceTree = "<group>"; };
		D4F19C2218166E1D00DBB082 /* Lato-Regular.ttf */ = {isa = PBXFileReference; lastKnownFileType = file; path = "Lato-Regular.ttf"; sourceTree = "<group>"; };
		D4F19C2F18166E5D00DBB082 /* FlatUIKit.h */ = {isa = PBXFileReference; fileEncoding = 4; lastKnownFileType = sourcecode.c.h; path = FlatUIKit.h; sourceTree = "<group>"; };
		D4F19C3018166E5D00DBB082 /* FUIAlertView.h */ = {isa = PBXFileReference; fileEncoding = 4; lastKnownFileType = sourcecode.c.h; path = FUIAlertView.h; sourceTree = "<group>"; };
		D4F19C3118166E5D00DBB082 /* FUIAlertView.m */ = {isa = PBXFileReference; fileEncoding = 4; lastKnownFileType = sourcecode.c.objc; path = FUIAlertView.m; sourceTree = "<group>"; };
		D4F19C3218166E5D00DBB082 /* FUIButton.h */ = {isa = PBXFileReference; fileEncoding = 4; lastKnownFileType = sourcecode.c.h; path = FUIButton.h; sourceTree = "<group>"; };
		D4F19C3318166E5D00DBB082 /* FUIButton.m */ = {isa = PBXFileReference; fileEncoding = 4; lastKnownFileType = sourcecode.c.objc; path = FUIButton.m; sourceTree = "<group>"; };
		D4F19C3418166E5D00DBB082 /* FUICellBackgroundView.h */ = {isa = PBXFileReference; fileEncoding = 4; lastKnownFileType = sourcecode.c.h; path = FUICellBackgroundView.h; sourceTree = "<group>"; };
		D4F19C3518166E5D00DBB082 /* FUICellBackgroundView.m */ = {isa = PBXFileReference; fileEncoding = 4; lastKnownFileType = sourcecode.c.objc; path = FUICellBackgroundView.m; sourceTree = "<group>"; };
		D4F19C3618166E5D00DBB082 /* FUIPopoverBackgroundView.h */ = {isa = PBXFileReference; fileEncoding = 4; lastKnownFileType = sourcecode.c.h; path = FUIPopoverBackgroundView.h; sourceTree = "<group>"; };
		D4F19C3718166E5D00DBB082 /* FUIPopoverBackgroundView.m */ = {isa = PBXFileReference; fileEncoding = 4; lastKnownFileType = sourcecode.c.objc; path = FUIPopoverBackgroundView.m; sourceTree = "<group>"; };
		D4F19C3818166E5D00DBB082 /* FUISegmentedControl.h */ = {isa = PBXFileReference; fileEncoding = 4; lastKnownFileType = sourcecode.c.h; path = FUISegmentedControl.h; sourceTree = "<group>"; };
		D4F19C3918166E5D00DBB082 /* FUISegmentedControl.m */ = {isa = PBXFileReference; fileEncoding = 4; lastKnownFileType = sourcecode.c.objc; path = FUISegmentedControl.m; sourceTree = "<group>"; };
		D4F19C3A18166E5D00DBB082 /* FUISwitch.h */ = {isa = PBXFileReference; fileEncoding = 4; lastKnownFileType = sourcecode.c.h; path = FUISwitch.h; sourceTree = "<group>"; };
		D4F19C3B18166E5D00DBB082 /* FUISwitch.m */ = {isa = PBXFileReference; fileEncoding = 4; lastKnownFileType = sourcecode.c.objc; path = FUISwitch.m; sourceTree = "<group>"; };
		D4F19C3C18166E5D00DBB082 /* FUITextField.h */ = {isa = PBXFileReference; fileEncoding = 4; lastKnownFileType = sourcecode.c.h; path = FUITextField.h; sourceTree = "<group>"; };
		D4F19C3D18166E5D00DBB082 /* FUITextField.m */ = {isa = PBXFileReference; fileEncoding = 4; lastKnownFileType = sourcecode.c.objc; path = FUITextField.m; sourceTree = "<group>"; };
		D4F19C3E18166E5D00DBB082 /* UIBarButtonItem+FlatUI.h */ = {isa = PBXFileReference; fileEncoding = 4; lastKnownFileType = sourcecode.c.h; path = "UIBarButtonItem+FlatUI.h"; sourceTree = "<group>"; };
		D4F19C3F18166E5D00DBB082 /* UIBarButtonItem+FlatUI.m */ = {isa = PBXFileReference; fileEncoding = 4; lastKnownFileType = sourcecode.c.objc; path = "UIBarButtonItem+FlatUI.m"; sourceTree = "<group>"; };
		D4F19C4018166E5D00DBB082 /* UIColor+FlatUI.h */ = {isa = PBXFileReference; fileEncoding = 4; lastKnownFileType = sourcecode.c.h; path = "UIColor+FlatUI.h"; sourceTree = "<group>"; };
		D4F19C4118166E5D00DBB082 /* UIColor+FlatUI.m */ = {isa = PBXFileReference; fileEncoding = 4; lastKnownFileType = sourcecode.c.objc; path = "UIColor+FlatUI.m"; sourceTree = "<group>"; };
		D4F19C4218166E5D00DBB082 /* UIFont+FlatUI.h */ = {isa = PBXFileReference; fileEncoding = 4; lastKnownFileType = sourcecode.c.h; path = "UIFont+FlatUI.h"; sourceTree = "<group>"; };
		D4F19C4318166E5D00DBB082 /* UIFont+FlatUI.m */ = {isa = PBXFileReference; fileEncoding = 4; lastKnownFileType = sourcecode.c.objc; path = "UIFont+FlatUI.m"; sourceTree = "<group>"; };
		D4F19C4418166E5D00DBB082 /* UIImage+FlatUI.h */ = {isa = PBXFileReference; fileEncoding = 4; lastKnownFileType = sourcecode.c.h; path = "UIImage+FlatUI.h"; sourceTree = "<group>"; };
		D4F19C4518166E5D00DBB082 /* UIImage+FlatUI.m */ = {isa = PBXFileReference; fileEncoding = 4; lastKnownFileType = sourcecode.c.objc; path = "UIImage+FlatUI.m"; sourceTree = "<group>"; };
		D4F19C4618166E5D00DBB082 /* UINavigationBar+FlatUI.h */ = {isa = PBXFileReference; fileEncoding = 4; lastKnownFileType = sourcecode.c.h; path = "UINavigationBar+FlatUI.h"; sourceTree = "<group>"; };
		D4F19C4718166E5D00DBB082 /* UINavigationBar+FlatUI.m */ = {isa = PBXFileReference; fileEncoding = 4; lastKnownFileType = sourcecode.c.objc; path = "UINavigationBar+FlatUI.m"; sourceTree = "<group>"; };
		D4F19C4818166E5D00DBB082 /* UIPopoverController+FlatUI.h */ = {isa = PBXFileReference; fileEncoding = 4; lastKnownFileType = sourcecode.c.h; path = "UIPopoverController+FlatUI.h"; sourceTree = "<group>"; };
		D4F19C4918166E5D00DBB082 /* UIPopoverController+FlatUI.m */ = {isa = PBXFileReference; fileEncoding = 4; lastKnownFileType = sourcecode.c.objc; path = "UIPopoverController+FlatUI.m"; sourceTree = "<group>"; };
		D4F19C4A18166E5D00DBB082 /* UIProgressView+FlatUI.h */ = {isa = PBXFileReference; fileEncoding = 4; lastKnownFileType = sourcecode.c.h; path = "UIProgressView+FlatUI.h"; sourceTree = "<group>"; };
		D4F19C4B18166E5D00DBB082 /* UIProgressView+FlatUI.m */ = {isa = PBXFileReference; fileEncoding = 4; lastKnownFileType = sourcecode.c.objc; path = "UIProgressView+FlatUI.m"; sourceTree = "<group>"; };
		D4F19C4C18166E5D00DBB082 /* UISlider+FlatUI.h */ = {isa = PBXFileReference; fileEncoding = 4; lastKnownFileType = sourcecode.c.h; path = "UISlider+FlatUI.h"; sourceTree = "<group>"; };
		D4F19C4D18166E5D00DBB082 /* UISlider+FlatUI.m */ = {isa = PBXFileReference; fileEncoding = 4; lastKnownFileType = sourcecode.c.objc; path = "UISlider+FlatUI.m"; sourceTree = "<group>"; };
		D4F19C4E18166E5D00DBB082 /* UIStepper+FlatUI.h */ = {isa = PBXFileReference; fileEncoding = 4; lastKnownFileType = sourcecode.c.h; path = "UIStepper+FlatUI.h"; sourceTree = "<group>"; };
		D4F19C4F18166E5D00DBB082 /* UIStepper+FlatUI.m */ = {isa = PBXFileReference; fileEncoding = 4; lastKnownFileType = sourcecode.c.objc; path = "UIStepper+FlatUI.m"; sourceTree = "<group>"; };
		D4F19C5018166E5D00DBB082 /* UITabBar+FlatUI.h */ = {isa = PBXFileReference; fileEncoding = 4; lastKnownFileType = sourcecode.c.h; path = "UITabBar+FlatUI.h"; sourceTree = "<group>"; };
		D4F19C5118166E5D00DBB082 /* UITabBar+FlatUI.m */ = {isa = PBXFileReference; fileEncoding = 4; lastKnownFileType = sourcecode.c.objc; path = "UITabBar+FlatUI.m"; sourceTree = "<group>"; };
		D4F19C5218166E5D00DBB082 /* UITableViewCell+FlatUI.h */ = {isa = PBXFileReference; fileEncoding = 4; lastKnownFileType = sourcecode.c.h; path = "UITableViewCell+FlatUI.h"; sourceTree = "<group>"; };
		D4F19C5318166E5D00DBB082 /* UITableViewCell+FlatUI.m */ = {isa = PBXFileReference; fileEncoding = 4; lastKnownFileType = sourcecode.c.objc; path = "UITableViewCell+FlatUI.m"; sourceTree = "<group>"; };
		D4F19C5418166E5D00DBB082 /* UIToolbar+FlatUI.h */ = {isa = PBXFileReference; fileEncoding = 4; lastKnownFileType = sourcecode.c.h; path = "UIToolbar+FlatUI.h"; sourceTree = "<group>"; };
		D4F19C5518166E5D00DBB082 /* UIToolbar+FlatUI.m */ = {isa = PBXFileReference; fileEncoding = 4; lastKnownFileType = sourcecode.c.objc; path = "UIToolbar+FlatUI.m"; sourceTree = "<group>"; };
		D4F19C8218168E2900DBB082 /* AMSlideOutGlobals.h */ = {isa = PBXFileReference; fileEncoding = 4; lastKnownFileType = sourcecode.c.h; path = AMSlideOutGlobals.h; sourceTree = "<group>"; };
		D4F19C8318168E2900DBB082 /* AMSlideOutGlobals.m */ = {isa = PBXFileReference; fileEncoding = 4; lastKnownFileType = sourcecode.c.objc; path = AMSlideOutGlobals.m; sourceTree = "<group>"; };
		D4F19C8418168E2900DBB082 /* AMSlideOutNavigationController.h */ = {isa = PBXFileReference; fileEncoding = 4; lastKnownFileType = sourcecode.c.h; path = AMSlideOutNavigationController.h; sourceTree = "<group>"; };
		D4F19C8518168E2900DBB082 /* AMSlideOutNavigationController.m */ = {isa = PBXFileReference; fileEncoding = 4; lastKnownFileType = sourcecode.c.objc; path = AMSlideOutNavigationController.m; sourceTree = "<group>"; };
		D4F19C8618168E2900DBB082 /* AMSlideTableCell.h */ = {isa = PBXFileReference; fileEncoding = 4; lastKnownFileType = sourcecode.c.h; path = AMSlideTableCell.h; sourceTree = "<group>"; };
		D4F19C8718168E2900DBB082 /* AMSlideTableCell.m */ = {isa = PBXFileReference; fileEncoding = 4; lastKnownFileType = sourcecode.c.objc; path = AMSlideTableCell.m; sourceTree = "<group>"; };
		D4F19C8818168E2900DBB082 /* AMSlideTableHeader.h */ = {isa = PBXFileReference; fileEncoding = 4; lastKnownFileType = sourcecode.c.h; path = AMSlideTableHeader.h; sourceTree = "<group>"; };
		D4F19C8918168E2900DBB082 /* AMSlideTableHeader.m */ = {isa = PBXFileReference; fileEncoding = 4; lastKnownFileType = sourcecode.c.objc; path = AMSlideTableHeader.m; sourceTree = "<group>"; };
		D4F19C8A18168E2900DBB082 /* AMTableView.h */ = {isa = PBXFileReference; fileEncoding = 4; lastKnownFileType = sourcecode.c.h; path = AMTableView.h; sourceTree = "<group>"; };
		D4F19C8B18168E2900DBB082 /* AMTableView.m */ = {isa = PBXFileReference; fileEncoding = 4; lastKnownFileType = sourcecode.c.objc; path = AMTableView.m; sourceTree = "<group>"; };
		D4F19C8C18168E2900DBB082 /* iconSlide.png */ = {isa = PBXFileReference; lastKnownFileType = image.png; path = iconSlide.png; sourceTree = "<group>"; };
		D4F19C8D18168E2900DBB082 /* iconSlide@2x.png */ = {isa = PBXFileReference; lastKnownFileType = image.png; path = "iconSlide@2x.png"; sourceTree = "<group>"; };
		D4F19C8E18168E2900DBB082 /* iconSlideBlack.png */ = {isa = PBXFileReference; lastKnownFileType = image.png; path = iconSlideBlack.png; sourceTree = "<group>"; };
		D4F19C8F18168E2900DBB082 /* iconSlideBlack@2x.png */ = {isa = PBXFileReference; lastKnownFileType = image.png; path = "iconSlideBlack@2x.png"; sourceTree = "<group>"; };
/* End PBXFileReference section */

/* Begin PBXFrameworksBuildPhase section */
		654E34A216CE383F00FBB3DA /* Frameworks */ = {
			isa = PBXFrameworksBuildPhase;
			buildActionMask = 2147483647;
			files = (
				412DE73F1A048F4300B4D160 /* Security.framework in Frameworks */,
				D40ABB9A1816B85400DFB373 /* MapKit.framework in Frameworks */,
				417788FE1816A1000071506A /* QuartzCore.framework in Frameworks */,
				654E34A916CE383F00FBB3DA /* UIKit.framework in Frameworks */,
				D4F19C1718166D1900DBB082 /* CoreText.framework in Frameworks */,
				654E34AB16CE383F00FBB3DA /* Foundation.framework in Frameworks */,
				654E34AD16CE383F00FBB3DA /* CoreGraphics.framework in Frameworks */,
			);
			runOnlyForDeploymentPostprocessing = 0;
		};
/* End PBXFrameworksBuildPhase section */

/* Begin PBXGroup section */
		412ABF6F1816912B00ECF984 /* JVFloatTextfields */ = {
			isa = PBXGroup;
			children = (
				412ABF701816916900ECF984 /* JVFloatLabeledTextField.h */,
				412ABF711816916900ECF984 /* JVFloatLabeledTextField.m */,
			);
			name = JVFloatTextfields;
			sourceTree = "<group>";
		};
		416B7A6E1818CA3D009D1F7C /* Controllers */ = {
			isa = PBXGroup;
			children = (
				416B7A741818CA83009D1F7C /* SliderNavContainer */,
				416B7A731818CA75009D1F7C /* LoginView */,
				416B7A721818CA6A009D1F7C /* TableView */,
				416B7A711818CA62009D1F7C /* PhotoView */,
				416B7A701818CA58009D1F7C /* WebView */,
				416B7A6F1818CA4A009D1F7C /* MapView */,
			);
			name = Controllers;
			sourceTree = "<group>";
		};
		416B7A6F1818CA4A009D1F7C /* MapView */ = {
			isa = PBXGroup;
			children = (
				D40ABB9B1816BB0D00DFB373 /* MapViewAnnotation.h */,
				D40ABB9C1816BB0D00DFB373 /* MapViewAnnotation.m */,
				D40ABB961816B7A200DFB373 /* MapVViewController.h */,
				D40ABB971816B7A200DFB373 /* MapVViewController.m */,
			);
			name = MapView;
			sourceTree = "<group>";
		};
		416B7A701818CA58009D1F7C /* WebView */ = {
			isa = PBXGroup;
			children = (
				D40ABB931816B21C00DFB373 /* WebVViewController.h */,
				D40ABB941816B21C00DFB373 /* WebVViewController.m */,
			);
			name = WebView;
			sourceTree = "<group>";
		};
		416B7A711818CA62009D1F7C /* PhotoView */ = {
			isa = PBXGroup;
			children = (
				D40ABB8E1816A62100DFB373 /* PhotoViewController.h */,
				D40ABB8F1816A62100DFB373 /* PhotoViewController.m */,
			);
			name = PhotoView;
			sourceTree = "<group>";
		};
		416B7A721818CA6A009D1F7C /* TableView */ = {
			isa = PBXGroup;
			children = (
				D427EC2C1817A93900662AAF /* TableViewController.h */,
				D427EC2D1817A93900662AAF /* TableViewController.m */,
				416B7A751818CD29009D1F7C /* TDTableDetailViewController.h */,
				416B7A761818CD29009D1F7C /* TDTableDetailViewController.m */,
			);
			name = TableView;
			sourceTree = "<group>";
		};
		416B7A731818CA75009D1F7C /* LoginView */ = {
			isa = PBXGroup;
			children = (
				D4F19C13181548A800DBB082 /* TDLoginViewController.h */,
				D4F19C14181548A800DBB082 /* TDLoginViewController.m */,
			);
			name = LoginView;
			sourceTree = "<group>";
		};
		416B7A741818CA83009D1F7C /* SliderNavContainer */ = {
			isa = PBXGroup;
			children = (
				654E34C316CE383F00FBB3DA /* TDSliderContainerViewController.h */,
				654E34C416CE383F00FBB3DA /* TDSliderContainerViewController.m */,
			);
			name = SliderNavContainer;
			sourceTree = "<group>";
		};
		417788EF181697CD0071506A /* EAIntroView */ = {
			isa = PBXGroup;
			children = (
				417788F0181697CD0071506A /* EAIntroPage.h */,
				417788F1181697CD0071506A /* EAIntroPage.m */,
				417788F2181697CD0071506A /* EAIntroView.h */,
				417788F3181697CD0071506A /* EAIntroView.m */,
			);
			path = EAIntroView;
			sourceTree = "<group>";
		};
		417788F6181697DE0071506A /* Vendor */ = {
			isa = PBXGroup;
			children = (
				D40ABB7E1816A56300DFB373 /* PhotoBrowser */,
				417788F71816A0090071506A /* PXAlertview */,
				412ABF6F1816912B00ECF984 /* JVFloatTextfields */,
				417788EF181697CD0071506A /* EAIntroView */,
				D4F19C2E18166E5D00DBB082 /* FlatUI */,
				D4F19C8118168E2900DBB082 /* AMSlideOut */,
			);
			name = Vendor;
			sourceTree = "<group>";
		};
		417788F71816A0090071506A /* PXAlertview */ = {
			isa = PBXGroup;
			children = (
				417788F81816A0120071506A /* PXAlertView.h */,
				417788F91816A0120071506A /* PXAlertView.m */,
			);
			name = PXAlertview;
			sourceTree = "<group>";
		};
		654E349C16CE383F00FBB3DA = {
			isa = PBXGroup;
			children = (
				654E34AE16CE383F00FBB3DA /* TestmunkDemo */,
				654E34A716CE383F00FBB3DA /* Frameworks */,
				654E34A616CE383F00FBB3DA /* Products */,
			);
			sourceTree = "<group>";
		};
		654E34A616CE383F00FBB3DA /* Products */ = {
			isa = PBXGroup;
			children = (
				654E34A516CE383F00FBB3DA /* TestmunkDemo.app */,
			);
			name = Products;
			sourceTree = "<group>";
		};
		654E34A716CE383F00FBB3DA /* Frameworks */ = {
			isa = PBXGroup;
			children = (
				412DE73E1A048F4300B4D160 /* Security.framework */,
				D40ABB991816B85400DFB373 /* MapKit.framework */,
				417788FD1816A1000071506A /* QuartzCore.framework */,
				D4F19C1618166D1900DBB082 /* CoreText.framework */,
				654E34A816CE383F00FBB3DA /* UIKit.framework */,
				654E34AA16CE383F00FBB3DA /* Foundation.framework */,
				654E34AC16CE383F00FBB3DA /* CoreGraphics.framework */,
			);
			name = Frameworks;
			sourceTree = "<group>";
		};
		654E34AE16CE383F00FBB3DA /* TestmunkDemo */ = {
			isa = PBXGroup;
			children = (
				417788F6181697DE0071506A /* Vendor */,
				D4F19C1818166E1D00DBB082 /* Resources */,
				654E34AF16CE383F00FBB3DA /* Supporting Files */,
				416B7A6E1818CA3D009D1F7C /* Controllers */,
				654E34B716CE383F00FBB3DA /* TDAppDelegate.h */,
				654E34B816CE383F00FBB3DA /* TDAppDelegate.m */,
				654E34C016CE383F00FBB3DA /* MainStoryboard.storyboard */,
			);
			name = TestmunkDemo;
			path = SlideoutStoryboardSample;
			sourceTree = "<group>";
		};
		654E34AF16CE383F00FBB3DA /* Supporting Files */ = {
			isa = PBXGroup;
			children = (
				654E34B016CE383F00FBB3DA /* TestmunkDemo-Info.plist */,
				654E34B116CE383F00FBB3DA /* InfoPlist.strings */,
				654E34B416CE383F00FBB3DA /* main.m */,
			);
			name = "Supporting Files";
			sourceTree = "<group>";
		};
		D40ABB7E1816A56300DFB373 /* PhotoBrowser */ = {
			isa = PBXGroup;
			children = (
				D40ABB871816A57800DFB373 /* Images */,
				D40ABB7F1816A56300DFB373 /* AGPhotoBrowserDataSource.h */,
				D40ABB801816A56300DFB373 /* AGPhotoBrowserDelegate.h */,
				D40ABB811816A56300DFB373 /* AGPhotoBrowserOverlayView.h */,
				D40ABB821816A56300DFB373 /* AGPhotoBrowserOverlayView.m */,
				D40ABB831816A56300DFB373 /* AGPhotoBrowserView.h */,
				D40ABB841816A56300DFB373 /* AGPhotoBrowserView.m */,
			);
			name = PhotoBrowser;
			path = src;
			sourceTree = "<group>";
		};
		D40ABB871816A57800DFB373 /* Images */ = {
			isa = PBXGroup;
			children = (
				D40ABB881816A57800DFB373 /* sample1.jpg */,
				D40ABB891816A57800DFB373 /* sample2.jpg */,
				D40ABB8A1816A57900DFB373 /* sample3.jpg */,
			);
			name = Images;
			path = ../Resources/Images;
			sourceTree = "<group>";
		};
		D4F19C1818166E1D00DBB082 /* Resources */ = {
			isa = PBXGroup;
			children = (
				417788FB1816A0D60071506A /* Default-568h@2x.png */,
				D40ABBC918178A0900DFB373 /* 1.png */,
				D40ABBCA18178A0900DFB373 /* 2.png */,
				D40ABBCB18178A0900DFB373 /* 3.png */,
				D40ABBCD18178A0900DFB373 /* Default.png */,
				D40ABBCE18178A0900DFB373 /* Default@2x.png */,
				D40ABBCF18178A0900DFB373 /* femalecodertocat@2x.png */,
				D40ABBD018178A0900DFB373 /* introBg@2x.png */,
				D40ABBD118178A0900DFB373 /* original@2x.png */,
				D40ABBD218178A0900DFB373 /* supportcat@2x.png */,
				D40ABB911816B1BB00DFB373 /* LocalPage.html */,
				651A5A7B177AE2D8003DBF3B /* icon1.png */,
				651A5A7C177AE2D8003DBF3B /* icon2.png */,
				D4F19C1918166E1D00DBB082 /* Lato-Black.ttf */,
				D4F19C1A18166E1D00DBB082 /* Lato-BlackItalic.ttf */,
				D4F19C1B18166E1D00DBB082 /* Lato-Bold.ttf */,
				D4F19C1C18166E1D00DBB082 /* Lato-BoldItalic.ttf */,
				D4F19C1D18166E1D00DBB082 /* Lato-Hairline.ttf */,
				D4F19C1E18166E1D00DBB082 /* Lato-HairlineItalic.ttf */,
				D4F19C1F18166E1D00DBB082 /* Lato-Italic.ttf */,
				D4F19C2018166E1D00DBB082 /* Lato-Light.ttf */,
				D4F19C2118166E1D00DBB082 /* Lato-LightItalic.ttf */,
				D4F19C2218166E1D00DBB082 /* Lato-Regular.ttf */,
			);
			name = Resources;
			path = ../Resources;
			sourceTree = "<group>";
		};
		D4F19C2E18166E5D00DBB082 /* FlatUI */ = {
			isa = PBXGroup;
			children = (
				D4F19C2F18166E5D00DBB082 /* FlatUIKit.h */,
				D4F19C3018166E5D00DBB082 /* FUIAlertView.h */,
				D4F19C3118166E5D00DBB082 /* FUIAlertView.m */,
				D4F19C3218166E5D00DBB082 /* FUIButton.h */,
				D4F19C3318166E5D00DBB082 /* FUIButton.m */,
				D4F19C3418166E5D00DBB082 /* FUICellBackgroundView.h */,
				D4F19C3518166E5D00DBB082 /* FUICellBackgroundView.m */,
				D4F19C3618166E5D00DBB082 /* FUIPopoverBackgroundView.h */,
				D4F19C3718166E5D00DBB082 /* FUIPopoverBackgroundView.m */,
				D4F19C3818166E5D00DBB082 /* FUISegmentedControl.h */,
				D4F19C3918166E5D00DBB082 /* FUISegmentedControl.m */,
				D4F19C3A18166E5D00DBB082 /* FUISwitch.h */,
				D4F19C3B18166E5D00DBB082 /* FUISwitch.m */,
				D4F19C3C18166E5D00DBB082 /* FUITextField.h */,
				D4F19C3D18166E5D00DBB082 /* FUITextField.m */,
				D4F19C3E18166E5D00DBB082 /* UIBarButtonItem+FlatUI.h */,
				D4F19C3F18166E5D00DBB082 /* UIBarButtonItem+FlatUI.m */,
				D4F19C4018166E5D00DBB082 /* UIColor+FlatUI.h */,
				D4F19C4118166E5D00DBB082 /* UIColor+FlatUI.m */,
				D4F19C4218166E5D00DBB082 /* UIFont+FlatUI.h */,
				D4F19C4318166E5D00DBB082 /* UIFont+FlatUI.m */,
				D4F19C4418166E5D00DBB082 /* UIImage+FlatUI.h */,
				D4F19C4518166E5D00DBB082 /* UIImage+FlatUI.m */,
				D4F19C4618166E5D00DBB082 /* UINavigationBar+FlatUI.h */,
				D4F19C4718166E5D00DBB082 /* UINavigationBar+FlatUI.m */,
				D4F19C4818166E5D00DBB082 /* UIPopoverController+FlatUI.h */,
				D4F19C4918166E5D00DBB082 /* UIPopoverController+FlatUI.m */,
				D4F19C4A18166E5D00DBB082 /* UIProgressView+FlatUI.h */,
				D4F19C4B18166E5D00DBB082 /* UIProgressView+FlatUI.m */,
				D4F19C4C18166E5D00DBB082 /* UISlider+FlatUI.h */,
				D4F19C4D18166E5D00DBB082 /* UISlider+FlatUI.m */,
				D4F19C4E18166E5D00DBB082 /* UIStepper+FlatUI.h */,
				D4F19C4F18166E5D00DBB082 /* UIStepper+FlatUI.m */,
				D4F19C5018166E5D00DBB082 /* UITabBar+FlatUI.h */,
				D4F19C5118166E5D00DBB082 /* UITabBar+FlatUI.m */,
				D4F19C5218166E5D00DBB082 /* UITableViewCell+FlatUI.h */,
				D4F19C5318166E5D00DBB082 /* UITableViewCell+FlatUI.m */,
				D4F19C5418166E5D00DBB082 /* UIToolbar+FlatUI.h */,
				D4F19C5518166E5D00DBB082 /* UIToolbar+FlatUI.m */,
			);
			name = FlatUI;
			path = ../Classes/ios;
			sourceTree = "<group>";
		};
		D4F19C8118168E2900DBB082 /* AMSlideOut */ = {
			isa = PBXGroup;
			children = (
				D4F19C8218168E2900DBB082 /* AMSlideOutGlobals.h */,
				D4F19C8318168E2900DBB082 /* AMSlideOutGlobals.m */,
				D4F19C8418168E2900DBB082 /* AMSlideOutNavigationController.h */,
				D4F19C8518168E2900DBB082 /* AMSlideOutNavigationController.m */,
				D4F19C8618168E2900DBB082 /* AMSlideTableCell.h */,
				D4F19C8718168E2900DBB082 /* AMSlideTableCell.m */,
				D4F19C8818168E2900DBB082 /* AMSlideTableHeader.h */,
				D4F19C8918168E2900DBB082 /* AMSlideTableHeader.m */,
				D4F19C8A18168E2900DBB082 /* AMTableView.h */,
				D4F19C8B18168E2900DBB082 /* AMTableView.m */,
				D4F19C8C18168E2900DBB082 /* iconSlide.png */,
				D4F19C8D18168E2900DBB082 /* iconSlide@2x.png */,
				D4F19C8E18168E2900DBB082 /* iconSlideBlack.png */,
				D4F19C8F18168E2900DBB082 /* iconSlideBlack@2x.png */,
			);
			path = AMSlideOut;
			sourceTree = "<group>";
		};
/* End PBXGroup section */

/* Begin PBXNativeTarget section */
		654E34A416CE383F00FBB3DA /* TestmunkDemo */ = {
			isa = PBXNativeTarget;
			buildConfigurationList = 654E34C816CE383F00FBB3DA /* Build configuration list for PBXNativeTarget "TestmunkDemo" */;
			buildPhases = (
				654E34A116CE383F00FBB3DA /* Sources */,
				654E34A216CE383F00FBB3DA /* Frameworks */,
				654E34A316CE383F00FBB3DA /* Resources */,
			);
			buildRules = (
			);
			dependencies = (
			);
			name = TestmunkDemo;
			productName = SlideoutStoryboardSample;
			productReference = 654E34A516CE383F00FBB3DA /* TestmunkDemo.app */;
			productType = "com.apple.product-type.application";
		};
/* End PBXNativeTarget section */

/* Begin PBXProject section */
		654E349D16CE383F00FBB3DA /* Project object */ = {
			isa = PBXProject;
			attributes = {
				CLASSPREFIX = AM;
				LastUpgradeCheck = 0460;
				ORGANIZATIONNAME = "Andrea Mazzini";
			};
			buildConfigurationList = 654E34A016CE383F00FBB3DA /* Build configuration list for PBXProject "TestmunkDemo" */;
			compatibilityVersion = "Xcode 3.2";
			developmentRegion = English;
			hasScannedForEncodings = 0;
			knownRegions = (
				en,
			);
			mainGroup = 654E349C16CE383F00FBB3DA;
			productRefGroup = 654E34A616CE383F00FBB3DA /* Products */;
			projectDirPath = "";
			projectRoot = "";
			targets = (
				654E34A416CE383F00FBB3DA /* TestmunkDemo */,
			);
		};
/* End PBXProject section */

/* Begin PBXResourcesBuildPhase section */
		654E34A316CE383F00FBB3DA /* Resources */ = {
			isa = PBXResourcesBuildPhase;
			buildActionMask = 2147483647;
			files = (
				D4F19C2618166E1D00DBB082 /* Lato-BoldItalic.ttf in Resources */,
				D40ABBDB18178A0900DFB373 /* original@2x.png in Resources */,
				D40ABBDA18178A0900DFB373 /* introBg@2x.png in Resources */,
				654E34B316CE383F00FBB3DA /* InfoPlist.strings in Resources */,
				D4F19C2918166E1D00DBB082 /* Lato-Italic.ttf in Resources */,
				D4F19C9618168E2900DBB082 /* iconSlide@2x.png in Resources */,
				D4F19C2318166E1D00DBB082 /* Lato-Black.ttf in Resources */,
				D4F19C2A18166E1D00DBB082 /* Lato-Light.ttf in Resources */,
				D4F19C2718166E1D00DBB082 /* Lato-Hairline.ttf in Resources */,
				D4F19C9818168E2900DBB082 /* iconSlideBlack@2x.png in Resources */,
				D40ABBDC18178A0900DFB373 /* supportcat@2x.png in Resources */,
				D4F19C9718168E2900DBB082 /* iconSlideBlack.png in Resources */,
				D40ABBD318178A0900DFB373 /* 1.png in Resources */,
				654E34C216CE383F00FBB3DA /* MainStoryboard.storyboard in Resources */,
				D40ABBD718178A0900DFB373 /* Default.png in Resources */,
				D40ABBD918178A0900DFB373 /* femalecodertocat@2x.png in Resources */,
				D4F19C2518166E1D00DBB082 /* Lato-Bold.ttf in Resources */,
				D40ABBD418178A0900DFB373 /* 2.png in Resources */,
				D40ABB921816B1BB00DFB373 /* LocalPage.html in Resources */,
				D40ABB8D1816A57900DFB373 /* sample3.jpg in Resources */,
				D4F19C2818166E1D00DBB082 /* Lato-HairlineItalic.ttf in Resources */,
				417788FC1816A0D60071506A /* Default-568h@2x.png in Resources */,
				D40ABB8B1816A57900DFB373 /* sample1.jpg in Resources */,
				651A5A7D177AE2D8003DBF3B /* icon1.png in Resources */,
				651A5A7E177AE2D8003DBF3B /* icon2.png in Resources */,
				D4F19C9518168E2900DBB082 /* iconSlide.png in Resources */,
				D40ABBD518178A0900DFB373 /* 3.png in Resources */,
				D4F19C2418166E1D00DBB082 /* Lato-BlackItalic.ttf in Resources */,
				D4F19C2C18166E1D00DBB082 /* Lato-Regular.ttf in Resources */,
				D40ABBD818178A0900DFB373 /* Default@2x.png in Resources */,
				D4F19C2B18166E1D00DBB082 /* Lato-LightItalic.ttf in Resources */,
				D40ABB8C1816A57900DFB373 /* sample2.jpg in Resources */,
			);
			runOnlyForDeploymentPostprocessing = 0;
		};
/* End PBXResourcesBuildPhase section */

/* Begin PBXSourcesBuildPhase section */
		654E34A116CE383F00FBB3DA /* Sources */ = {
			isa = PBXSourcesBuildPhase;
			buildActionMask = 2147483647;
			files = (
				D40ABB9D1816BB0D00DFB373 /* MapViewAnnotation.m in Sources */,
				D4F19C5618166E5D00DBB082 /* FUIAlertView.m in Sources */,
				654E34B516CE383F00FBB3DA /* main.m in Sources */,
				417788F5181697CD0071506A /* EAIntroView.m in Sources */,
				417788FA1816A0120071506A /* PXAlertView.m in Sources */,
				654E34B916CE383F00FBB3DA /* TDAppDelegate.m in Sources */,
				412ABF721816916900ECF984 /* JVFloatLabeledTextField.m in Sources */,
				D427EC2E1817A93900662AAF /* TableViewController.m in Sources */,
				D40ABB951816B21C00DFB373 /* WebVViewController.m in Sources */,
				D4F19C6718166E5D00DBB082 /* UITableViewCell+FlatUI.m in Sources */,
				D4F19C5A18166E5D00DBB082 /* FUISegmentedControl.m in Sources */,
				654E34C516CE383F00FBB3DA /* TDSliderContainerViewController.m in Sources */,
				D4F19C5B18166E5D00DBB082 /* FUISwitch.m in Sources */,
				D4F19C5C18166E5D00DBB082 /* FUITextField.m in Sources */,
				D4F19C5918166E5D00DBB082 /* FUIPopoverBackgroundView.m in Sources */,
				D4F19C9018168E2900DBB082 /* AMSlideOutGlobals.m in Sources */,
				D4F19C6318166E5D00DBB082 /* UIProgressView+FlatUI.m in Sources */,
				D4F19C15181548A800DBB082 /* TDLoginViewController.m in Sources */,
				416B7A771818CD29009D1F7C /* TDTableDetailViewController.m in Sources */,
				D40ABB851816A56300DFB373 /* AGPhotoBrowserOverlayView.m in Sources */,
				D40ABB861816A56300DFB373 /* AGPhotoBrowserView.m in Sources */,
				D4F19C6418166E5D00DBB082 /* UISlider+FlatUI.m in Sources */,
				D4F19C6018166E5D00DBB082 /* UIImage+FlatUI.m in Sources */,
				D4F19C5F18166E5D00DBB082 /* UIFont+FlatUI.m in Sources */,
				D4F19C6118166E5D00DBB082 /* UINavigationBar+FlatUI.m in Sources */,
				417788F4181697CD0071506A /* EAIntroPage.m in Sources */,
				D4F19C6818166E5D00DBB082 /* UIToolbar+FlatUI.m in Sources */,
				D4F19C6218166E5D00DBB082 /* UIPopoverController+FlatUI.m in Sources */,
				D4F19C9318168E2900DBB082 /* AMSlideTableHeader.m in Sources */,
				D4F19C5818166E5D00DBB082 /* FUICellBackgroundView.m in Sources */,
				D4F19C6618166E5D00DBB082 /* UITabBar+FlatUI.m in Sources */,
				D4F19C9418168E2900DBB082 /* AMTableView.m in Sources */,
				D4F19C5E18166E5D00DBB082 /* UIColor+FlatUI.m in Sources */,
				D4F19C5D18166E5D00DBB082 /* UIBarButtonItem+FlatUI.m in Sources */,
				D4F19C9218168E2900DBB082 /* AMSlideTableCell.m in Sources */,
				D4F19C9118168E2900DBB082 /* AMSlideOutNavigationController.m in Sources */,
				D4F19C5718166E5D00DBB082 /* FUIButton.m in Sources */,
				D4F19C6518166E5D00DBB082 /* UIStepper+FlatUI.m in Sources */,
				D40ABB981816B7A200DFB373 /* MapVViewController.m in Sources */,
				D40ABB901816A62100DFB373 /* PhotoViewController.m in Sources */,
			);
			runOnlyForDeploymentPostprocessing = 0;
		};
/* End PBXSourcesBuildPhase section */

/* Begin PBXVariantGroup section */
		654E34B116CE383F00FBB3DA /* InfoPlist.strings */ = {
			isa = PBXVariantGroup;
			children = (
				654E34B216CE383F00FBB3DA /* en */,
			);
			name = InfoPlist.strings;
			sourceTree = "<group>";
		};
		654E34C016CE383F00FBB3DA /* MainStoryboard.storyboard */ = {
			isa = PBXVariantGroup;
			children = (
				654E34C116CE383F00FBB3DA /* en */,
			);
			name = MainStoryboard.storyboard;
			sourceTree = "<group>";
		};
/* End PBXVariantGroup section */

/* Begin XCBuildConfiguration section */
		654E34C616CE383F00FBB3DA /* Debug */ = {
			isa = XCBuildConfiguration;
			buildSettings = {
				ALWAYS_SEARCH_USER_PATHS = NO;
				CLANG_CXX_LANGUAGE_STANDARD = "gnu++0x";
				CLANG_CXX_LIBRARY = "libc++";
				CLANG_ENABLE_OBJC_ARC = YES;
				CLANG_WARN_CONSTANT_CONVERSION = YES;
				CLANG_WARN_EMPTY_BODY = YES;
				CLANG_WARN_ENUM_CONVERSION = YES;
				CLANG_WARN_INT_CONVERSION = YES;
				CLANG_WARN__DUPLICATE_METHOD_MATCH = YES;
				"CODE_SIGN_IDENTITY[sdk=iphoneos*]" = "iPhone Developer";
				COPY_PHASE_STRIP = NO;
				GCC_C_LANGUAGE_STANDARD = gnu99;
				GCC_DYNAMIC_NO_PIC = NO;
				GCC_OPTIMIZATION_LEVEL = 0;
				GCC_PREPROCESSOR_DEFINITIONS = (
					"DEBUG=1",
					"$(inherited)",
				);
				GCC_SYMBOLS_PRIVATE_EXTERN = NO;
				GCC_WARN_ABOUT_RETURN_TYPE = YES;
				GCC_WARN_UNINITIALIZED_AUTOS = YES;
				GCC_WARN_UNUSED_VARIABLE = YES;
				IPHONEOS_DEPLOYMENT_TARGET = 6.1;
				ONLY_ACTIVE_ARCH = YES;
				SDKROOT = iphoneos;
			};
			name = Debug;
		};
		654E34C716CE383F00FBB3DA /* Release */ = {
			isa = XCBuildConfiguration;
			buildSettings = {
				ALWAYS_SEARCH_USER_PATHS = NO;
				CLANG_CXX_LANGUAGE_STANDARD = "gnu++0x";
				CLANG_CXX_LIBRARY = "libc++";
				CLANG_ENABLE_OBJC_ARC = YES;
				CLANG_WARN_CONSTANT_CONVERSION = YES;
				CLANG_WARN_EMPTY_BODY = YES;
				CLANG_WARN_ENUM_CONVERSION = YES;
				CLANG_WARN_INT_CONVERSION = YES;
				CLANG_WARN__DUPLICATE_METHOD_MATCH = YES;
				"CODE_SIGN_IDENTITY[sdk=iphoneos*]" = "iPhone Developer";
				COPY_PHASE_STRIP = YES;
				GCC_C_LANGUAGE_STANDARD = gnu99;
				GCC_WARN_ABOUT_RETURN_TYPE = YES;
				GCC_WARN_UNINITIALIZED_AUTOS = YES;
				GCC_WARN_UNUSED_VARIABLE = YES;
				IPHONEOS_DEPLOYMENT_TARGET = 6.1;
				OTHER_CFLAGS = "-DNS_BLOCK_ASSERTIONS=1";
				SDKROOT = iphoneos;
				VALIDATE_PRODUCT = YES;
			};
			name = Release;
		};
		654E34C916CE383F00FBB3DA /* Debug */ = {
			isa = XCBuildConfiguration;
			buildSettings = {
				GCC_PRECOMPILE_PREFIX_HEADER = YES;
				GCC_PREFIX_HEADER = "SlideoutStoryboardSample/TestmunkDemo-Prefix.pch";
				INFOPLIST_FILE = "SlideoutStoryboardSample/TestmunkDemo-Info.plist";
				IPHONEOS_DEPLOYMENT_TARGET = 5.1;
				PRODUCT_NAME = TestmunkDemo;
				TARGETED_DEVICE_FAMILY = "1,2";
				WRAPPER_EXTENSION = app;
			};
			name = Debug;
		};
		654E34CA16CE383F00FBB3DA /* Release */ = {
			isa = XCBuildConfiguration;
			buildSettings = {
				GCC_PRECOMPILE_PREFIX_HEADER = YES;
				GCC_PREFIX_HEADER = "SlideoutStoryboardSample/TestmunkDemo-Prefix.pch";
				INFOPLIST_FILE = "SlideoutStoryboardSample/TestmunkDemo-Info.plist";
				IPHONEOS_DEPLOYMENT_TARGET = 5.1;
				PRODUCT_NAME = TestmunkDemo;
				TARGETED_DEVICE_FAMILY = "1,2";
				WRAPPER_EXTENSION = app;
			};
			name = Release;
		};
/* End XCBuildConfiguration section */

/* Begin XCConfigurationList section */
		654E34A016CE383F00FBB3DA /* Build configuration list for PBXProject "TestmunkDemo" */ = {
			isa = XCConfigurationList;
			buildConfigurations = (
				654E34C616CE383F00FBB3DA /* Debug */,
				654E34C716CE383F00FBB3DA /* Release */,
			);
			defaultConfigurationIsVisible = 0;
			defaultConfigurationName = Release;
		};
		654E34C816CE383F00FBB3DA /* Build configuration list for PBXNativeTarget "TestmunkDemo" */ = {
			isa = XCConfigurationList;
			buildConfigurations = (
				654E34C916CE383F00FBB3DA /* Debug */,
				654E34CA16CE383F00FBB3DA /* Release */,
			);
			defaultConfigurationIsVisible = 0;
			defaultConfigurationName = Release;
		};
/* End XCConfigurationList section */
	};
	rootObject = 654E349D16CE383F00FBB3DA /* Project object */;
}
